// !$*UTF8*$!
{
	archiveVersion = 1;
	classes = {
	};
	objectVersion = 50;
	objects = {

/* Begin PBXBuildFile section */
		503D34412131B62C00974A99 /* AppDelegate.swift in Sources */ = {isa = PBXBuildFile; fileRef = 503D34402131B62C00974A99 /* AppDelegate.swift */; };
		503D34432131B62C00974A99 /* ViewController.swift in Sources */ = {isa = PBXBuildFile; fileRef = 503D34422131B62C00974A99 /* ViewController.swift */; };
		503D34462131B62C00974A99 /* Main.storyboard in Resources */ = {isa = PBXBuildFile; fileRef = 503D34442131B62C00974A99 /* Main.storyboard */; };
		503D34492131B62C00974A99 /* PottyMouth.xcdatamodeld in Sources */ = {isa = PBXBuildFile; fileRef = 503D34472131B62C00974A99 /* PottyMouth.xcdatamodeld */; };
		503D344B2131B62E00974A99 /* Assets.xcassets in Resources */ = {isa = PBXBuildFile; fileRef = 503D344A2131B62E00974A99 /* Assets.xcassets */; };
		503D344E2131B62E00974A99 /* LaunchScreen.storyboard in Resources */ = {isa = PBXBuildFile; fileRef = 503D344C2131B62E00974A99 /* LaunchScreen.storyboard */; };
		503D34592131B62E00974A99 /* PottyMouthTests.swift in Sources */ = {isa = PBXBuildFile; fileRef = 503D34582131B62E00974A99 /* PottyMouthTests.swift */; };
		503D34642131B62E00974A99 /* PottyMouthUITests.swift in Sources */ = {isa = PBXBuildFile; fileRef = 503D34632131B62E00974A99 /* PottyMouthUITests.swift */; };
		503D34742131FDC700974A99 /* beepSound.wav in Resources */ = {isa = PBXBuildFile; fileRef = 503D34732131FDC600974A99 /* beepSound.wav */; };
/* End PBXBuildFile section */

/* Begin PBXContainerItemProxy section */
		503D34552131B62E00974A99 /* PBXContainerItemProxy */ = {
			isa = PBXContainerItemProxy;
			containerPortal = 503D34352131B62C00974A99 /* Project object */;
			proxyType = 1;
			remoteGlobalIDString = 503D343C2131B62C00974A99;
			remoteInfo = PottyMouth;
		};
		503D34602131B62E00974A99 /* PBXContainerItemProxy */ = {
			isa = PBXContainerItemProxy;
			containerPortal = 503D34352131B62C00974A99 /* Project object */;
			proxyType = 1;
			remoteGlobalIDString = 503D343C2131B62C00974A99;
			remoteInfo = PottyMouth;
		};
/* End PBXContainerItemProxy section */

/* Begin PBXFileReference section */
		503D343D2131B62C00974A99 /* PottyMouth.app */ = {isa = PBXFileReference; explicitFileType = wrapper.application; includeInIndex = 0; path = PottyMouth.app; sourceTree = BUILT_PRODUCTS_DIR; };
		503D34402131B62C00974A99 /* AppDelegate.swift */ = {isa = PBXFileReference; lastKnownFileType = sourcecode.swift; path = AppDelegate.swift; sourceTree = "<group>"; };
		503D34422131B62C00974A99 /* ViewController.swift */ = {isa = PBXFileReference; lastKnownFileType = sourcecode.swift; path = ViewController.swift; sourceTree = "<group>"; };
		503D34452131B62C00974A99 /* Base */ = {isa = PBXFileReference; lastKnownFileType = file.storyboard; name = Base; path = Base.lproj/Main.storyboard; sourceTree = "<group>"; };
		503D34482131B62C00974A99 /* PottyMouth.xcdatamodel */ = {isa = PBXFileReference; lastKnownFileType = wrapper.xcdatamodel; path = PottyMouth.xcdatamodel; sourceTree = "<group>"; };
		503D344A2131B62E00974A99 /* Assets.xcassets */ = {isa = PBXFileReference; lastKnownFileType = folder.assetcatalog; path = Assets.xcassets; sourceTree = "<group>"; };
		503D344D2131B62E00974A99 /* Base */ = {isa = PBXFileReference; lastKnownFileType = file.storyboard; name = Base; path = Base.lproj/LaunchScreen.storyboard; sourceTree = "<group>"; };
		503D344F2131B62E00974A99 /* Info.plist */ = {isa = PBXFileReference; lastKnownFileType = text.plist.xml; path = Info.plist; sourceTree = "<group>"; };
		503D34542131B62E00974A99 /* PottyMouthTests.xctest */ = {isa = PBXFileReference; explicitFileType = wrapper.cfbundle; includeInIndex = 0; path = PottyMouthTests.xctest; sourceTree = BUILT_PRODUCTS_DIR; };
		503D34582131B62E00974A99 /* PottyMouthTests.swift */ = {isa = PBXFileReference; lastKnownFileType = sourcecode.swift; path = PottyMouthTests.swift; sourceTree = "<group>"; };
		503D345A2131B62E00974A99 /* Info.plist */ = {isa = PBXFileReference; lastKnownFileType = text.plist.xml; path = Info.plist; sourceTree = "<group>"; };
		503D345F2131B62E00974A99 /* PottyMouthUITests.xctest */ = {isa = PBXFileReference; explicitFileType = wrapper.cfbundle; includeInIndex = 0; path = PottyMouthUITests.xctest; sourceTree = BUILT_PRODUCTS_DIR; };
		503D34632131B62E00974A99 /* PottyMouthUITests.swift */ = {isa = PBXFileReference; lastKnownFileType = sourcecode.swift; path = PottyMouthUITests.swift; sourceTree = "<group>"; };
		503D34652131B62E00974A99 /* Info.plist */ = {isa = PBXFileReference; lastKnownFileType = text.plist.xml; path = Info.plist; sourceTree = "<group>"; };
		503D34732131FDC600974A99 /* beepSound.wav */ = {isa = PBXFileReference; lastKnownFileType = audio.wav; path = beepSound.wav; sourceTree = "<group>"; };
/* End PBXFileReference section */

/* Begin PBXFrameworksBuildPhase section */
		503D343A2131B62C00974A99 /* Frameworks */ = {
			isa = PBXFrameworksBuildPhase;
			buildActionMask = 2147483647;
			files = (
			);
			runOnlyForDeploymentPostprocessing = 0;
		};
		503D34512131B62E00974A99 /* Frameworks */ = {
			isa = PBXFrameworksBuildPhase;
			buildActionMask = 2147483647;
			files = (
			);
			runOnlyForDeploymentPostprocessing = 0;
		};
		503D345C2131B62E00974A99 /* Frameworks */ = {
			isa = PBXFrameworksBuildPhase;
			buildActionMask = 2147483647;
			files = (
			);
			runOnlyForDeploymentPostprocessing = 0;
		};
/* End PBXFrameworksBuildPhase section */

/* Begin PBXGroup section */
		503D34342131B62C00974A99 = {
			isa = PBXGroup;
			children = (
				503D343F2131B62C00974A99 /* PottyMouth */,
				503D34572131B62E00974A99 /* PottyMouthTests */,
				503D34622131B62E00974A99 /* PottyMouthUITests */,
				503D343E2131B62C00974A99 /* Products */,
			);
			sourceTree = "<group>";
		};
		503D343E2131B62C00974A99 /* Products */ = {
			isa = PBXGroup;
			children = (
				503D343D2131B62C00974A99 /* PottyMouth.app */,
				503D34542131B62E00974A99 /* PottyMouthTests.xctest */,
				503D345F2131B62E00974A99 /* PottyMouthUITests.xctest */,
			);
			name = Products;
			sourceTree = "<group>";
		};
		503D343F2131B62C00974A99 /* PottyMouth */ = {
			isa = PBXGroup;
			children = (
				503D34402131B62C00974A99 /* AppDelegate.swift */,
				503D34422131B62C00974A99 /* ViewController.swift */,
				503D34442131B62C00974A99 /* Main.storyboard */,
				503D34732131FDC600974A99 /* beepSound.wav */,
				503D344A2131B62E00974A99 /* Assets.xcassets */,
				503D344C2131B62E00974A99 /* LaunchScreen.storyboard */,
				503D344F2131B62E00974A99 /* Info.plist */,
				503D34472131B62C00974A99 /* PottyMouth.xcdatamodeld */,
			);
			path = PottyMouth;
			sourceTree = "<group>";
		};
		503D34572131B62E00974A99 /* PottyMouthTests */ = {
			isa = PBXGroup;
			children = (
				503D34582131B62E00974A99 /* PottyMouthTests.swift */,
				503D345A2131B62E00974A99 /* Info.plist */,
			);
			path = PottyMouthTests;
			sourceTree = "<group>";
		};
		503D34622131B62E00974A99 /* PottyMouthUITests */ = {
			isa = PBXGroup;
			children = (
				503D34632131B62E00974A99 /* PottyMouthUITests.swift */,
				503D34652131B62E00974A99 /* Info.plist */,
			);
			path = PottyMouthUITests;
			sourceTree = "<group>";
		};
/* End PBXGroup section */

/* Begin PBXNativeTarget section */
		503D343C2131B62C00974A99 /* PottyMouth */ = {
			isa = PBXNativeTarget;
			buildConfigurationList = 503D34682131B62E00974A99 /* Build configuration list for PBXNativeTarget "PottyMouth" */;
			buildPhases = (
				503D34392131B62C00974A99 /* Sources */,
				503D343A2131B62C00974A99 /* Frameworks */,
				503D343B2131B62C00974A99 /* Resources */,
			);
			buildRules = (
			);
			dependencies = (
			);
			name = PottyMouth;
			productName = PottyMouth;
			productReference = 503D343D2131B62C00974A99 /* PottyMouth.app */;
			productType = "com.apple.product-type.application";
		};
		503D34532131B62E00974A99 /* PottyMouthTests */ = {
			isa = PBXNativeTarget;
			buildConfigurationList = 503D346B2131B62E00974A99 /* Build configuration list for PBXNativeTarget "PottyMouthTests" */;
			buildPhases = (
				503D34502131B62E00974A99 /* Sources */,
				503D34512131B62E00974A99 /* Frameworks */,
				503D34522131B62E00974A99 /* Resources */,
			);
			buildRules = (
			);
			dependencies = (
				503D34562131B62E00974A99 /* PBXTargetDependency */,
			);
			name = PottyMouthTests;
			productName = PottyMouthTests;
			productReference = 503D34542131B62E00974A99 /* PottyMouthTests.xctest */;
			productType = "com.apple.product-type.bundle.unit-test";
		};
		503D345E2131B62E00974A99 /* PottyMouthUITests */ = {
			isa = PBXNativeTarget;
			buildConfigurationList = 503D346E2131B62E00974A99 /* Build configuration list for PBXNativeTarget "PottyMouthUITests" */;
			buildPhases = (
				503D345B2131B62E00974A99 /* Sources */,
				503D345C2131B62E00974A99 /* Frameworks */,
				503D345D2131B62E00974A99 /* Resources */,
			);
			buildRules = (
			);
			dependencies = (
				503D34612131B62E00974A99 /* PBXTargetDependency */,
			);
			name = PottyMouthUITests;
			productName = PottyMouthUITests;
			productReference = 503D345F2131B62E00974A99 /* PottyMouthUITests.xctest */;
			productType = "com.apple.product-type.bundle.ui-testing";
		};
/* End PBXNativeTarget section */

/* Begin PBXProject section */
		503D34352131B62C00974A99 /* Project object */ = {
			isa = PBXProject;
			attributes = {
				LastSwiftUpdateCheck = 0940;
				LastUpgradeCheck = 0940;
				ORGANIZATIONNAME = "Maxwell Roling";
				TargetAttributes = {
					503D343C2131B62C00974A99 = {
						CreatedOnToolsVersion = 9.4.1;
					};
					503D34532131B62E00974A99 = {
						CreatedOnToolsVersion = 9.4.1;
						TestTargetID = 503D343C2131B62C00974A99;
					};
					503D345E2131B62E00974A99 = {
						CreatedOnToolsVersion = 9.4.1;
						TestTargetID = 503D343C2131B62C00974A99;
					};
				};
			};
			buildConfigurationList = 503D34382131B62C00974A99 /* Build configuration list for PBXProject "PottyMouth" */;
			compatibilityVersion = "Xcode 9.3";
			developmentRegion = en;
			hasScannedForEncodings = 0;
			knownRegions = (
				en,
				Base,
			);
			mainGroup = 503D34342131B62C00974A99;
			productRefGroup = 503D343E2131B62C00974A99 /* Products */;
			projectDirPath = "";
			projectRoot = "";
			targets = (
				503D343C2131B62C00974A99 /* PottyMouth */,
				503D34532131B62E00974A99 /* PottyMouthTests */,
				503D345E2131B62E00974A99 /* PottyMouthUITests */,
			);
		};
/* End PBXProject section */

/* Begin PBXResourcesBuildPhase section */
		503D343B2131B62C00974A99 /* Resources */ = {
			isa = PBXResourcesBuildPhase;
			buildActionMask = 2147483647;
			files = (
				503D344E2131B62E00974A99 /* LaunchScreen.storyboard in Resources */,
				503D344B2131B62E00974A99 /* Assets.xcassets in Resources */,
				503D34462131B62C00974A99 /* Main.storyboard in Resources */,
				503D34742131FDC700974A99 /* beepSound.wav in Resources */,
			);
			runOnlyForDeploymentPostprocessing = 0;
		};
		503D34522131B62E00974A99 /* Resources */ = {
			isa = PBXResourcesBuildPhase;
			buildActionMask = 2147483647;
			files = (
			);
			runOnlyForDeploymentPostprocessing = 0;
		};
		503D345D2131B62E00974A99 /* Resources */ = {
			isa = PBXResourcesBuildPhase;
			buildActionMask = 2147483647;
			files = (
			);
			runOnlyForDeploymentPostprocessing = 0;
		};
/* End PBXResourcesBuildPhase section */

/* Begin PBXSourcesBuildPhase section */
		503D34392131B62C00974A99 /* Sources */ = {
			isa = PBXSourcesBuildPhase;
			buildActionMask = 2147483647;
			files = (
				503D34492131B62C00974A99 /* PottyMouth.xcdatamodeld in Sources */,
				503D34432131B62C00974A99 /* ViewController.swift in Sources */,
				503D34412131B62C00974A99 /* AppDelegate.swift in Sources */,
			);
			runOnlyForDeploymentPostprocessing = 0;
		};
		503D34502131B62E00974A99 /* Sources */ = {
			isa = PBXSourcesBuildPhase;
			buildActionMask = 2147483647;
			files = (
				503D34592131B62E00974A99 /* PottyMouthTests.swift in Sources */,
			);
			runOnlyForDeploymentPostprocessing = 0;
		};
		503D345B2131B62E00974A99 /* Sources */ = {
			isa = PBXSourcesBuildPhase;
			buildActionMask = 2147483647;
			files = (
				503D34642131B62E00974A99 /* PottyMouthUITests.swift in Sources */,
			);
			runOnlyForDeploymentPostprocessing = 0;
		};
/* End PBXSourcesBuildPhase section */

/* Begin PBXTargetDependency section */
		503D34562131B62E00974A99 /* PBXTargetDependency */ = {
			isa = PBXTargetDependency;
			target = 503D343C2131B62C00974A99 /* PottyMouth */;
			targetProxy = 503D34552131B62E00974A99 /* PBXContainerItemProxy */;
		};
		503D34612131B62E00974A99 /* PBXTargetDependency */ = {
			isa = PBXTargetDependency;
			target = 503D343C2131B62C00974A99 /* PottyMouth */;
			targetProxy = 503D34602131B62E00974A99 /* PBXContainerItemProxy */;
		};
/* End PBXTargetDependency section */

/* Begin PBXVariantGroup section */
		503D34442131B62C00974A99 /* Main.storyboard */ = {
			isa = PBXVariantGroup;
			children = (
				503D34452131B62C00974A99 /* Base */,
			);
			name = Main.storyboard;
			sourceTree = "<group>";
		};
		503D344C2131B62E00974A99 /* LaunchScreen.storyboard */ = {
			isa = PBXVariantGroup;
			children = (
				503D344D2131B62E00974A99 /* Base */,
			);
			name = LaunchScreen.storyboard;
			sourceTree = "<group>";
		};
/* End PBXVariantGroup section */

/* Begin XCBuildConfiguration section */
		503D34662131B62E00974A99 /* Debug */ = {
			isa = XCBuildConfiguration;
			buildSettings = {
				ALWAYS_SEARCH_USER_PATHS = NO;
				CLANG_ANALYZER_NONNULL = YES;
				CLANG_ANALYZER_NUMBER_OBJECT_CONVERSION = YES_AGGRESSIVE;
				CLANG_CXX_LANGUAGE_STANDARD = "gnu++14";
				CLANG_CXX_LIBRARY = "libc++";
				CLANG_ENABLE_MODULES = YES;
				CLANG_ENABLE_OBJC_ARC = YES;
				CLANG_ENABLE_OBJC_WEAK = YES;
				CLANG_WARN_BLOCK_CAPTURE_AUTORELEASING = YES;
				CLANG_WARN_BOOL_CONVERSION = YES;
				CLANG_WARN_COMMA = YES;
				CLANG_WARN_CONSTANT_CONVERSION = YES;
				CLANG_WARN_DEPRECATED_OBJC_IMPLEMENTATIONS = YES;
				CLANG_WARN_DIRECT_OBJC_ISA_USAGE = YES_ERROR;
				CLANG_WARN_DOCUMENTATION_COMMENTS = YES;
				CLANG_WARN_EMPTY_BODY = YES;
				CLANG_WARN_ENUM_CONVERSION = YES;
				CLANG_WARN_INFINITE_RECURSION = YES;
				CLANG_WARN_INT_CONVERSION = YES;
				CLANG_WARN_NON_LITERAL_NULL_CONVERSION = YES;
				CLANG_WARN_OBJC_IMPLICIT_RETAIN_SELF = YES;
				CLANG_WARN_OBJC_LITERAL_CONVERSION = YES;
				CLANG_WARN_OBJC_ROOT_CLASS = YES_ERROR;
				CLANG_WARN_RANGE_LOOP_ANALYSIS = YES;
				CLANG_WARN_STRICT_PROTOTYPES = YES;
				CLANG_WARN_SUSPICIOUS_MOVE = YES;
				CLANG_WARN_UNGUARDED_AVAILABILITY = YES_AGGRESSIVE;
				CLANG_WARN_UNREACHABLE_CODE = YES;
				CLANG_WARN__DUPLICATE_METHOD_MATCH = YES;
				CODE_SIGN_IDENTITY = "iPhone Developer";
				COPY_PHASE_STRIP = NO;
				DEBUG_INFORMATION_FORMAT = dwarf;
				ENABLE_STRICT_OBJC_MSGSEND = YES;
				ENABLE_TESTABILITY = YES;
				GCC_C_LANGUAGE_STANDARD = gnu11;
				GCC_DYNAMIC_NO_PIC = NO;
				GCC_NO_COMMON_BLOCKS = YES;
				GCC_OPTIMIZATION_LEVEL = 0;
				GCC_PREPROCESSOR_DEFINITIONS = (
					"DEBUG=1",
					"$(inherited)",
				);
				GCC_WARN_64_TO_32_BIT_CONVERSION = YES;
				GCC_WARN_ABOUT_RETURN_TYPE = YES_ERROR;
				GCC_WARN_UNDECLARED_SELECTOR = YES;
				GCC_WARN_UNINITIALIZED_AUTOS = YES_AGGRESSIVE;
				GCC_WARN_UNUSED_FUNCTION = YES;
				GCC_WARN_UNUSED_VARIABLE = YES;
				IPHONEOS_DEPLOYMENT_TARGET = 11.4;
				MTL_ENABLE_DEBUG_INFO = YES;
				ONLY_ACTIVE_ARCH = YES;
				SDKROOT = iphoneos;
				SWIFT_ACTIVE_COMPILATION_CONDITIONS = DEBUG;
				SWIFT_OPTIMIZATION_LEVEL = "-Onone";
			};
			name = Debug;
		};
		503D34672131B62E00974A99 /* Release */ = {
			isa = XCBuildConfiguration;
			buildSettings = {
				ALWAYS_SEARCH_USER_PATHS = NO;
				CLANG_ANALYZER_NONNULL = YES;
				CLANG_ANALYZER_NUMBER_OBJECT_CONVERSION = YES_AGGRESSIVE;
				CLANG_CXX_LANGUAGE_STANDARD = "gnu++14";
				CLANG_CXX_LIBRARY = "libc++";
				CLANG_ENABLE_MODULES = YES;
				CLANG_ENABLE_OBJC_ARC = YES;
				CLANG_ENABLE_OBJC_WEAK = YES;
				CLANG_WARN_BLOCK_CAPTURE_AUTORELEASING = YES;
				CLANG_WARN_BOOL_CONVERSION = YES;
				CLANG_WARN_COMMA = YES;
				CLANG_WARN_CONSTANT_CONVERSION = YES;
				CLANG_WARN_DEPRECATED_OBJC_IMPLEMENTATIONS = YES;
				CLANG_WARN_DIRECT_OBJC_ISA_USAGE = YES_ERROR;
				CLANG_WARN_DOCUMENTATION_COMMENTS = YES;
				CLANG_WARN_EMPTY_BODY = YES;
				CLANG_WARN_ENUM_CONVERSION = YES;
				CLANG_WARN_INFINITE_RECURSION = YES;
				CLANG_WARN_INT_CONVERSION = YES;
				CLANG_WARN_NON_LITERAL_NULL_CONVERSION = YES;
				CLANG_WARN_OBJC_IMPLICIT_RETAIN_SELF = YES;
				CLANG_WARN_OBJC_LITERAL_CONVERSION = YES;
				CLANG_WARN_OBJC_ROOT_CLASS = YES_ERROR;
				CLANG_WARN_RANGE_LOOP_ANALYSIS = YES;
				CLANG_WARN_STRICT_PROTOTYPES = YES;
				CLANG_WARN_SUSPICIOUS_MOVE = YES;
				CLANG_WARN_UNGUARDED_AVAILABILITY = YES_AGGRESSIVE;
				CLANG_WARN_UNREACHABLE_CODE = YES;
				CLANG_WARN__DUPLICATE_METHOD_MATCH = YES;
				CODE_SIGN_IDENTITY = "iPhone Developer";
				COPY_PHASE_STRIP = NO;
				DEBUG_INFORMATION_FORMAT = "dwarf-with-dsym";
				ENABLE_NS_ASSERTIONS = NO;
				ENABLE_STRICT_OBJC_MSGSEND = YES;
				GCC_C_LANGUAGE_STANDARD = gnu11;
				GCC_NO_COMMON_BLOCKS = YES;
				GCC_WARN_64_TO_32_BIT_CONVERSION = YES;
				GCC_WARN_ABOUT_RETURN_TYPE = YES_ERROR;
				GCC_WARN_UNDECLARED_SELECTOR = YES;
				GCC_WARN_UNINITIALIZED_AUTOS = YES_AGGRESSIVE;
				GCC_WARN_UNUSED_FUNCTION = YES;
				GCC_WARN_UNUSED_VARIABLE = YES;
				IPHONEOS_DEPLOYMENT_TARGET = 11.4;
				MTL_ENABLE_DEBUG_INFO = NO;
				SDKROOT = iphoneos;
				SWIFT_COMPILATION_MODE = wholemodule;
				SWIFT_OPTIMIZATION_LEVEL = "-O";
				VALIDATE_PRODUCT = YES;
			};
			name = Release;
		};
		503D34692131B62E00974A99 /* Debug */ = {
			isa = XCBuildConfiguration;
			buildSettings = {
				ASSETCATALOG_COMPILER_APPICON_NAME = AppIcon;
				CODE_SIGN_STYLE = Automatic;
				DEVELOPMENT_TEAM = QLA226EZ9X;
				INFOPLIST_FILE = PottyMouth/Info.plist;
				LD_RUNPATH_SEARCH_PATHS = (
					"$(inherited)",
					"@executable_path/Frameworks",
				);
				PRODUCT_BUNDLE_IDENTIFIER = maxwell.PottyMouth;
				PRODUCT_NAME = "$(TARGET_NAME)";
				SWIFT_VERSION = 4.0;
				TARGETED_DEVICE_FAMILY = "1,2";
			};
			name = Debug;
		};
		503D346A2131B62E00974A99 /* Release */ = {
			isa = XCBuildConfiguration;
			buildSettings = {
				ASSETCATALOG_COMPILER_APPICON_NAME = AppIcon;
				CODE_SIGN_STYLE = Automatic;
				DEVELOPMENT_TEAM = QLA226EZ9X;
				INFOPLIST_FILE = PottyMouth/Info.plist;
				LD_RUNPATH_SEARCH_PATHS = (
					"$(inherited)",
					"@executable_path/Frameworks",
				);
				PRODUCT_BUNDLE_IDENTIFIER = maxwell.PottyMouth;
				PRODUCT_NAME = "$(TARGET_NAME)";
				SWIFT_VERSION = 4.0;
				TARGETED_DEVICE_FAMILY = "1,2";
			};
			name = Release;
		};
		503D346C2131B62E00974A99 /* Debug */ = {
			isa = XCBuildConfiguration;
			buildSettings = {
				ALWAYS_EMBED_SWIFT_STANDARD_LIBRARIES = YES;
				BUNDLE_LOADER = "$(TEST_HOST)";
				CODE_SIGN_STYLE = Automatic;
				INFOPLIST_FILE = PottyMouthTests/Info.plist;
				LD_RUNPATH_SEARCH_PATHS = (
					"$(inherited)",
					"@executable_path/Frameworks",
					"@loader_path/Frameworks",
				);
				PRODUCT_BUNDLE_IDENTIFIER = maxwell.PottyMouthTests;
				PRODUCT_NAME = "$(TARGET_NAME)";
				SWIFT_VERSION = 4.0;
				TARGETED_DEVICE_FAMILY = "1,2";
				TEST_HOST = "$(BUILT_PRODUCTS_DIR)/PottyMouth.app/PottyMouth";
			};
			name = Debug;
		};
		503D346D2131B62E00974A99 /* Release */ = {
			isa = XCBuildConfiguration;
			buildSettings = {
				ALWAYS_EMBED_SWIFT_STANDARD_LIBRARIES = YES;
				BUNDLE_LOADER = "$(TEST_HOST)";
				CODE_SIGN_STYLE = Automatic;
				INFOPLIST_FILE = PottyMouthTests/Info.plist;
				LD_RUNPATH_SEARCH_PATHS = (
					"$(inherited)",
					"@executable_path/Frameworks",
					"@loader_path/Frameworks",
				);
				PRODUCT_BUNDLE_IDENTIFIER = maxwell.PottyMouthTests;
				PRODUCT_NAME = "$(TARGET_NAME)";
				SWIFT_VERSION = 4.0;
				TARGETED_DEVICE_FAMILY = "1,2";
				TEST_HOST = "$(BUILT_PRODUCTS_DIR)/PottyMouth.app/PottyMouth";
			};
			name = Release;
		};
		503D346F2131B62E00974A99 /* Debug */ = {
			isa = XCBuildConfiguration;
			buildSettings = {
				ALWAYS_EMBED_SWIFT_STANDARD_LIBRARIES = YES;
				CODE_SIGN_STYLE = Automatic;
				INFOPLIST_FILE = PottyMouthUITests/Info.plist;
				LD_RUNPATH_SEARCH_PATHS = (
					"$(inherited)",
					"@executable_path/Frameworks",
					"@loader_path/Frameworks",
				);
				PRODUCT_BUNDLE_IDENTIFIER = maxwell.PottyMouthUITests;
				PRODUCT_NAME = "$(TARGET_NAME)";
				SWIFT_VERSION = 4.0;
				TARGETED_DEVICE_FAMILY = "1,2";
				TEST_TARGET_NAME = PottyMouth;
			};
			name = Debug;
		};
		503D34702131B62E00974A99 /* Release */ = {
			isa = XCBuildConfiguration;
			buildSettings = {
				ALWAYS_EMBED_SWIFT_STANDARD_LIBRARIES = YES;
				CODE_SIGN_STYLE = Automatic;
				INFOPLIST_FILE = PottyMouthUITests/Info.plist;
				LD_RUNPATH_SEARCH_PATHS = (
					"$(inherited)",
					"@executable_path/Frameworks",
					"@loader_path/Frameworks",
				);
				PRODUCT_BUNDLE_IDENTIFIER = maxwell.PottyMouthUITests;
				PRODUCT_NAME = "$(TARGET_NAME)";
				SWIFT_VERSION = 4.0;
				TARGETED_DEVICE_FAMILY = "1,2";
				TEST_TARGET_NAME = PottyMouth;
			};
			name = Release;
		};
/* End XCBuildConfiguration section */

/* Begin XCConfigurationList section */
		503D34382131B62C00974A99 /* Build configuration list for PBXProject "PottyMouth" */ = {
			isa = XCConfigurationList;
			buildConfigurations = (
				503D34662131B62E00974A99 /* Debug */,
				503D34672131B62E00974A99 /* Release */,
			);
			defaultConfigurationIsVisible = 0;
			defaultConfigurationName = Release;
		};
		503D34682131B62E00974A99 /* Build configuration list for PBXNativeTarget "PottyMouth" */ = {
			isa = XCConfigurationList;
			buildConfigurations = (
				503D34692131B62E00974A99 /* Debug */,
				503D346A2131B62E00974A99 /* Release */,
			);
			defaultConfigurationIsVisible = 0;
			defaultConfigurationName = Release;
		};
		503D346B2131B62E00974A99 /* Build configuration list for PBXNativeTarget "PottyMouthTests" */ = {
			isa = XCConfigurationList;
			buildConfigurations = (
				503D346C2131B62E00974A99 /* Debug */,
				503D346D2131B62E00974A99 /* Release */,
			);
			defaultConfigurationIsVisible = 0;
			defaultConfigurationName = Release;
		};
		503D346E2131B62E00974A99 /* Build configuration list for PBXNativeTarget "PottyMouthUITests" */ = {
			isa = XCConfigurationList;
			buildConfigurations = (
				503D346F2131B62E00974A99 /* Debug */,
				503D34702131B62E00974A99 /* Release */,
			);
			defaultConfigurationIsVisible = 0;
			defaultConfigurationName = Release;
		};
/* End XCConfigurationList section */

/* Begin XCVersionGroup section */
		503D34472131B62C00974A99 /* PottyMouth.xcdatamodeld */ = {
			isa = XCVersionGroup;
			children = (
				503D34482131B62C00974A99 /* PottyMouth.xcdatamodel */,
			);
			currentVersion = 503D34482131B62C00974A99 /* PottyMouth.xcdatamodel */;
			path = PottyMouth.xcdatamodeld;
			sourceTree = "<group>";
			versionGroupType = wrapper.xcdatamodel;
		};
/* End XCVersionGroup section */
	};
	rootObject = 503D34352131B62C00974A99 /* Project object */;
}
